
Microsoft Visual Studio Solution File, Format Version 12.00
# Visual Studio Version 17
VisualStudioVersion = 17.7.34031.279
MinimumVisualStudioVersion = 10.0.40219.1
Project("{9A19103F-16F7-4668-BE54-9A1E7A4F7556}") = "CarpooliDotTN", "CarpooliDotTN.csproj", "{78834475-7D94-4E35-BAE1-3CC6ADD0D66A}"
EndProject
Global
	GlobalSection(SolutionConfigurationPlatforms) = preSolution
		Debug|Any CPU = Debug|Any CPU
		Release|Any CPU = Release|Any CPU
	EndGlobalSection
	GlobalSection(ProjectConfigurationPlatforms) = postSolution
		{78834475-7D94-4E35-BAE1-3CC6ADD0D66A}.Debug|Any CPU.ActiveCfg = Debug|Any CPU
		{78834475-7D94-4E35-BAE1-3CC6ADD0D66A}.Debug|Any CPU.Build.0 = Debug|Any CPU
		{78834475-7D94-4E35-BAE1-3CC6ADD0D66A}.Release|Any CPU.ActiveCfg = Release|Any CPU
		{78834475-7D94-4E35-BAE1-3CC6ADD0D66A}.Release|Any CPU.Build.0 = Release|Any CPU
	EndGlobalSection
	GlobalSection(SolutionProperties) = preSolution
		HideSolutionNode = FALSE
	EndGlobalSection
	GlobalSection(ExtensibilityGlobals) = postSolution
		SolutionGuid = {CE5908B6-2108-45B5-AFFB-13241B30BC2D}
	EndGlobalSection
EndGlobal
